{
  "projects": [
    {
      "projectId": "caTPwKxj5ZrD9LQ7DMdK4Z",
      "version": "3.18.0",
      "dependencies": {},
      "lang": "ts",
      "fileLocks": [
        {
          "assetId": "caTPwKxj5ZrD9LQ7DMdK4Z",
          "type": "projectCss",
          "checksum": "9fe64c4dd8439ba4d2df6de161f0ad40"
        }
      ],
      "codegenVersion": "0.0.1"
    },
    {
      "projectId": "8PtdGodUbexNYgkuyBUcWu",
      "version": "3.14.0",
      "dependencies": {},
      "lang": "ts",
      "fileLocks": [
        {
          "assetId": "8PtdGodUbexNYgkuyBUcWu",
          "checksum": "c48776bba1b3886e93349ddfa619cee9",
          "type": "globalContexts"
        },
        {
          "assetId": "8PtdGodUbexNYgkuyBUcWu",
          "type": "projectCss",
          "checksum": "078b5be9aa4a8ea2a39b36c771c25aaa"
        }
      ],
      "codegenVersion": "0.0.1"
    },
    {
      "projectId": "hjKYmYi6HMwK6TRyk7ew5R",
      "version": "6.19.0",
      "dependencies": {},
      "lang": "ts",
      "fileLocks": [
        {
          "assetId": "hjKYmYi6HMwK6TRyk7ew5R",
          "checksum": "812fdf26bc85a5e0d100a76859d3ee26",
          "type": "globalContexts"
        },
        {
          "assetId": "hjKYmYi6HMwK6TRyk7ew5R",
          "type": "projectCss",
          "checksum": "e76cee85e96cb3fff580d5552a47cfe4"
        }
      ],
      "codegenVersion": "0.0.1"
    },
    {
      "projectId": "dPRrTyFHK7W9ZJqYsJHqzM",
      "version": "latest",
      "dependencies": {
        "hjKYmYi6HMwK6TRyk7ew5R": "6.19.0",
        "8PtdGodUbexNYgkuyBUcWu": "3.14.0",
        "caTPwKxj5ZrD9LQ7DMdK4Z": "3.18.0"
      },
      "lang": "ts",
      "fileLocks": [
        {
          "type": "globalVariant",
          "assetId": "V_GhBehH8UUPX",
          "checksum": "49a297f49820e8542b8df907f934c6bc"
        },
        {
          "assetId": "dPRrTyFHK7W9ZJqYsJHqzM",
          "checksum": "62dc26849d8ed44f9c8c546c8076506d",
          "type": "globalContexts"
        },
        {
          "type": "renderModule",
          "assetId": "l--2YaZ18sjM",
          "checksum": "782700734ce98a3801cfd173e15de5e4"
        },
        {
          "type": "cssRules",
          "assetId": "l--2YaZ18sjM",
          "checksum": "782700734ce98a3801cfd173e15de5e4"
        },
        {
          "type": "renderModule",
          "assetId": "NqrNu0UME_",
          "checksum": "be1872c886d49ec33c299d3fff4c9644"
        },
        {
          "type": "cssRules",
          "assetId": "NqrNu0UME_",
          "checksum": "be1872c886d49ec33c299d3fff4c9644"
        },
        {
          "type": "renderModule",
          "assetId": "XxpXfQpfq__Y",
          "checksum": "9991048c7b6da0fd4791be5d159dea3e"
        },
        {
          "type": "cssRules",
          "assetId": "XxpXfQpfq__Y",
          "checksum": "9991048c7b6da0fd4791be5d159dea3e"
        },
        {
          "type": "renderModule",
          "assetId": "2sF766dr30S",
          "checksum": "dd598aedf62eb6a07a28fbe689d2c375"
        },
        {
          "type": "cssRules",
          "assetId": "2sF766dr30S",
          "checksum": "dd598aedf62eb6a07a28fbe689d2c375"
        },
        {
          "type": "renderModule",
          "assetId": "wNOT5mM2WyL",
          "checksum": "94bef85aa9100e7a5ca9bec27d676fdd"
        },
        {
          "type": "cssRules",
          "assetId": "wNOT5mM2WyL",
          "checksum": "94bef85aa9100e7a5ca9bec27d676fdd"
        },
        {
          "type": "icon",
          "assetId": "QOcwsJ1FCjFi",
          "checksum": "2e877b3c52b3bf56cd0e9df3991a9990"
        },
        {
          "type": "icon",
          "assetId": "M1CLxOTRtR5N",
          "checksum": "094290ed47a9deb9edbe5a3905bdb108"
        },
        {
          "type": "icon",
          "assetId": "lRH1V0Ahv6zm",
          "checksum": "fc05f5ee96b28248c3b529463ed44b80"
        },
        {
          "type": "icon",
          "assetId": "qIT_KL1MhIGr",
          "checksum": "cb3a207b78280e319b12388f255f9818"
        },
        {
          "type": "icon",
          "assetId": "UbCcwcWXMOYG",
          "checksum": "55d0937eba7f1ba93d9c110ce4f3e510"
        },
        {
          "type": "icon",
          "assetId": "6ZiWtdz-W1Z0",
          "checksum": "accb131c4821ec022ca76ec0c5be6121"
        },
        {
          "type": "icon",
          "assetId": "Auzj3lrIV0er",
          "checksum": "7970f2d88199e2fc5f242a195cc4f5be"
        },
        {
          "type": "icon",
          "assetId": "0NuuJLMAbI8U",
          "checksum": "177fcf90cb6280ce8fdceda8d6344e76"
        },
        {
          "type": "icon",
          "assetId": "MJKanMJ0jrP5",
          "checksum": "3aa078599359d17447d9eee4f369de2d"
        },
        {
          "type": "icon",
          "assetId": "UK87j1GNrien",
          "checksum": "f82732f4c14dba62a85ed6f1cb85a4c1"
        },
        {
          "type": "icon",
          "assetId": "2giGNitopO0E",
          "checksum": "92995f91d1dfefd2b4c2cd1bf4503652"
        },
        {
          "type": "icon",
          "assetId": "iCYCG9CBDFuC",
          "checksum": "124cad8a067fc73b3388867a6e4cc997"
        },
        {
          "type": "icon",
          "assetId": "7CtWcYdGlmmP",
          "checksum": "791e4a4704a7315745539357454b1202"
        },
        {
          "type": "icon",
          "assetId": "iRLbodS886l",
          "checksum": "7a18f3a1c80ca8a294d14c87697ad055"
        },
        {
          "type": "icon",
          "assetId": "QLAS9aiAy6p",
          "checksum": "a246db537e3147a4973ae607e3bebc97"
        },
        {
          "type": "icon",
          "assetId": "VTAAmSXa7QY",
          "checksum": "3ba3caad55874684cc15a8b378ea19bb"
        },
        {
          "type": "icon",
          "assetId": "4E1S_Vn3o6p",
          "checksum": "dea42720b75d28c27bb8162e7fb25ed6"
        },
        {
          "type": "image",
          "assetId": "5bdsJYoiCsPU",
          "checksum": "81ee0dc23725429914fe8e5b60bbed62"
        },
        {
          "type": "image",
          "assetId": "fX8o54trY5Fa",
          "checksum": "4a4f231f4d33ee7ca35c72b0cd93fd82"
        },
        {
          "type": "image",
          "assetId": "klfawiAQ0Jhx",
          "checksum": "136d339323cd2843f79264f34a153aa2"
        },
        {
          "type": "image",
          "assetId": "6nM_5s_aEORU",
          "checksum": "2169f2b6a47d51b99cec69e330cf1f2a"
        },
        {
          "type": "image",
          "assetId": "aysSthUekNc0",
          "checksum": "01a4176ccb1d5536fb8319bbf60311ee"
        },
        {
          "type": "image",
          "assetId": "yiK4Y5nY_N6x",
          "checksum": "78c36a4dfa8556875f21e9286d1525de"
        },
        {
          "type": "image",
          "assetId": "6hYO4MrNpo2T",
          "checksum": "3bfe023d14c48d8280b803e31d23d153"
        },
        {
          "type": "image",
          "assetId": "f-Dp93TmtbRf",
          "checksum": "db60389440aed02a17060843d3d2797e"
        },
        {
          "type": "image",
          "assetId": "EZ8wjuk47X7Y",
          "checksum": "ef5e3fc275a6f6928a897844fb31cc1b"
        },
        {
          "type": "image",
          "assetId": "ZlNebk8-8NcU",
          "checksum": "7e8c6e40271a6afe8987398cebbb0a0f"
        },
        {
          "type": "image",
          "assetId": "PwJkJliPO_sR",
          "checksum": "afcff73321dd1ced84e6838d02cbfa17"
        },
        {
          "type": "image",
          "assetId": "2xUWBseIwscR",
          "checksum": "2a5f79f48653bf28c1585658a9571975"
        },
        {
          "type": "image",
          "assetId": "npa3FzzmFLtx",
          "checksum": "efb7e28eb2efa4c545032649859639f3"
        },
        {
          "type": "image",
          "assetId": "0-rw6YCEX2wo",
          "checksum": "1761d0da6d5fe4d8245a2d4fb5d20c5d"
        },
        {
          "type": "image",
          "assetId": "HKF19pNZ9YEL",
          "checksum": "69bd3953a047f3b5620b1842b21f7689"
        },
        {
          "type": "image",
          "assetId": "htIPY_giKDBM",
          "checksum": "87f50f0ea2b2df7697d7f8e657afe0ac"
        },
        {
          "type": "image",
          "assetId": "3zKuNl0y8iXf",
          "checksum": "f2f064477e15fe68e0236ff4a6ea492c"
        },
        {
          "type": "image",
          "assetId": "vtUKq7Kam4xv",
          "checksum": "6b8229ffbab948eca4cfadb4217c895a"
        },
        {
          "type": "image",
          "assetId": "M6PUg63Tf2t6",
          "checksum": "056b449b59a2246f1801e311db36f499"
        },
        {
          "type": "image",
          "assetId": "6UOHe6BKYQwO",
          "checksum": "ea04d54b0feefce9f899a5436d5cbb25"
        },
        {
          "type": "image",
          "assetId": "M_nAWsFrES3v",
          "checksum": "0ef177feec969a6f3c0042de91c4ad60"
        },
        {
          "type": "image",
          "assetId": "RECbffyZiwEz",
          "checksum": "d3157f235461da71e38760f6166caf31"
        },
        {
          "type": "image",
          "assetId": "5hdnn2U191Y0",
          "checksum": "bed995434aa35b1cd663197d414a854a"
        },
        {
          "type": "image",
          "assetId": "gP9Nx12tvjUn",
          "checksum": "a2c877e1b0d4fc750263dbb74a377833"
        },
        {
          "type": "image",
          "assetId": "w-XLnmfhp57o",
          "checksum": "6e19a8c82ceab8526bceb2698bbe190a"
        },
        {
          "type": "image",
          "assetId": "GeYTortzYgur",
          "checksum": "a73203863f5595eb4495824cc122f5f4"
        },
        {
          "type": "image",
          "assetId": "HwLp7-oqobCz",
          "checksum": "121152687b5e111d14c0789c63d95698"
        },
        {
          "type": "image",
          "assetId": "pJlimyVIl5qI",
          "checksum": "719b128ab6227aed20b6475f07f561af"
        },
        {
          "type": "image",
          "assetId": "C-d6l4CyotTF",
          "checksum": "23839dde5d853434930c48f0187fccd9"
        },
        {
          "type": "image",
          "assetId": "GbTtKnkrE-7x",
          "checksum": "bc68f2cc188ed910409edc9271d0483f"
        },
        {
          "type": "image",
          "assetId": "nzetleYbD4mR",
          "checksum": "268e757a2b81f313caa59655adc89981"
        },
        {
          "type": "image",
          "assetId": "_SXiDMMrY2nv",
          "checksum": "6756109a59b950f875719dc610a45711"
        },
        {
          "type": "image",
          "assetId": "xuwMgUIwysP",
          "checksum": "2956ddc4c9fdc951f3c9c92d64653191"
        },
        {
          "type": "image",
          "assetId": "qUB7J3BWU",
          "checksum": "f52771bc1c2ae6147d0228d396b7cb7c"
        },
        {
          "assetId": "dPRrTyFHK7W9ZJqYsJHqzM",
          "type": "projectCss",
          "checksum": "a6f5984858476f19dfc91d1e76b3119d"
        },
        {
          "type": "renderModule",
          "assetId": "GemSAzldPG",
          "checksum": "dc74734866444ecb968da78c0cc353dc"
        },
        {
          "type": "cssRules",
          "assetId": "GemSAzldPG",
          "checksum": "dc74734866444ecb968da78c0cc353dc"
        }
      ],
      "codegenVersion": "0.0.1"
    }
  ],
  "cliVersion": "0.1.211"
}
