{
  "projects": [
    {
      "projectId": "caTPwKxj5ZrD9LQ7DMdK4Z",
      "version": "3.47.0",
      "dependencies": {},
      "lang": "ts",
      "fileLocks": [
        {
          "assetId": "caTPwKxj5ZrD9LQ7DMdK4Z",
          "type": "projectCss",
          "checksum": "56a5d447501c0753e4cf451641894e78"
        },
        {
          "assetId": "caTPwKxj5ZrD9LQ7DMdK4Z",
          "checksum": "efdcd613ac98718578f9c563cd75fd38",
          "type": "projectModule"
        },
        {
          "assetId": "caTPwKxj5ZrD9LQ7DMdK4Z",
          "checksum": "40d46a8d45618547e9423b72a466b693",
          "type": "styleTokensProvider"
        }
      ],
      "codegenVersion": "0.0.2"
    },
    {
      "projectId": "8PtdGodUbexNYgkuyBUcWu",
      "version": "3.33.0",
      "dependencies": {},
      "lang": "ts",
      "fileLocks": [
        {
          "assetId": "8PtdGodUbexNYgkuyBUcWu",
          "checksum": "c34deae3be4116372b8f09a576ea3a01",
          "type": "globalContexts"
        },
        {
          "assetId": "8PtdGodUbexNYgkuyBUcWu",
          "type": "projectCss",
          "checksum": "d0036c38cf1abb3618c71ab68a296b2b"
        },
        {
          "assetId": "8PtdGodUbexNYgkuyBUcWu",
          "checksum": "23e35f9a7b22b3e265a5e7ef8ec77a00",
          "type": "projectModule"
        },
        {
          "assetId": "8PtdGodUbexNYgkuyBUcWu",
          "checksum": "93aee08be21f85d0d66923edea65bed0",
          "type": "styleTokensProvider"
        }
      ],
      "codegenVersion": "0.0.2"
    },
    {
      "projectId": "hjKYmYi6HMwK6TRyk7ew5R",
      "version": "6.48.0",
      "dependencies": {},
      "lang": "ts",
      "fileLocks": [
        {
          "assetId": "hjKYmYi6HMwK6TRyk7ew5R",
          "checksum": "689bfe048c805967249df4fe6b0cb88a",
          "type": "globalContexts"
        },
        {
          "assetId": "hjKYmYi6HMwK6TRyk7ew5R",
          "type": "projectCss",
          "checksum": "0914b411adf60d87fad37583f7b43300"
        },
        {
          "assetId": "hjKYmYi6HMwK6TRyk7ew5R",
          "checksum": "1cdeaa5ec55a72854654233e68cb9294",
          "type": "projectModule"
        },
        {
          "assetId": "hjKYmYi6HMwK6TRyk7ew5R",
          "checksum": "eb64fd8c9819a7412121fa8cc94c3554",
          "type": "styleTokensProvider"
        }
      ],
      "codegenVersion": "0.0.2"
    },
    {
      "projectId": "dPRrTyFHK7W9ZJqYsJHqzM",
      "version": "latest",
      "dependencies": {
        "hjKYmYi6HMwK6TRyk7ew5R": "6.48.0",
        "8PtdGodUbexNYgkuyBUcWu": "3.33.0",
        "caTPwKxj5ZrD9LQ7DMdK4Z": "3.47.0"
      },
      "lang": "ts",
      "fileLocks": [
        {
          "type": "globalVariant",
          "assetId": "V_GhBehH8UUPX",
          "checksum": "bab4451f03983a08fa0e4d74ae2c4e18"
        },
        {
          "assetId": "dPRrTyFHK7W9ZJqYsJHqzM",
          "checksum": "8ea3c4190b07c0aa3aa6d53e217f5636",
          "type": "globalContexts"
        },
        {
          "type": "renderModule",
          "assetId": "l--2YaZ18sjM",
          "checksum": "bcf6209f5c7fd667488f4f5b284f7021"
        },
        {
          "type": "cssRules",
          "assetId": "l--2YaZ18sjM",
          "checksum": "bcf6209f5c7fd667488f4f5b284f7021"
        },
        {
          "type": "renderModule",
          "assetId": "NqrNu0UME_",
          "checksum": "edb22009da6b9e99edf065e8c87fa6d2"
        },
        {
          "type": "cssRules",
          "assetId": "NqrNu0UME_",
          "checksum": "edb22009da6b9e99edf065e8c87fa6d2"
        },
        {
          "type": "renderModule",
          "assetId": "XxpXfQpfq__Y",
          "checksum": "82b66fdb1ded7b8e7f17ee0defe87431"
        },
        {
          "type": "cssRules",
          "assetId": "XxpXfQpfq__Y",
          "checksum": "82b66fdb1ded7b8e7f17ee0defe87431"
        },
        {
          "type": "renderModule",
          "assetId": "2sF766dr30S",
          "checksum": "e6dd82afad000e921de279e7a0d8ac0c"
        },
        {
          "type": "cssRules",
          "assetId": "2sF766dr30S",
          "checksum": "e6dd82afad000e921de279e7a0d8ac0c"
        },
        {
          "type": "renderModule",
          "assetId": "wNOT5mM2WyL",
          "checksum": "3534826d1318c922ef92201195ea0e3f"
        },
        {
          "type": "cssRules",
          "assetId": "wNOT5mM2WyL",
          "checksum": "3534826d1318c922ef92201195ea0e3f"
        },
        {
          "type": "icon",
          "assetId": "QOcwsJ1FCjFi",
          "checksum": "8a5ffdae7ed200ea52491a879d2cea34"
        },
        {
          "type": "icon",
          "assetId": "M1CLxOTRtR5N",
          "checksum": "d43677766cb054b906f24309d173a72b"
        },
        {
          "type": "icon",
          "assetId": "lRH1V0Ahv6zm",
          "checksum": "0577a53899a5f5cabd3aaa23b9339a4a"
        },
        {
          "type": "icon",
          "assetId": "qIT_KL1MhIGr",
          "checksum": "b7e06b1b07d8dd45744f84650d307a5f"
        },
        {
          "type": "icon",
          "assetId": "UbCcwcWXMOYG",
          "checksum": "b87bc1671fc7525dd2b6354705a862b6"
        },
        {
          "type": "icon",
          "assetId": "6ZiWtdz-W1Z0",
          "checksum": "9831ed562f5d36f8462b15267c658086"
        },
        {
          "type": "icon",
          "assetId": "Auzj3lrIV0er",
          "checksum": "1dad0dbeaec0f419dac7e464e24c9c88"
        },
        {
          "type": "icon",
          "assetId": "0NuuJLMAbI8U",
          "checksum": "85df7b51455dd67d25ea3b04cdd6b395"
        },
        {
          "type": "icon",
          "assetId": "MJKanMJ0jrP5",
          "checksum": "b8de57dcf4fcafed06a062f192a02cec"
        },
        {
          "type": "icon",
          "assetId": "UK87j1GNrien",
          "checksum": "72b2f796b25c3cf61f40c1015a07a3f3"
        },
        {
          "type": "icon",
          "assetId": "2giGNitopO0E",
          "checksum": "51e8915be4cdf7862d8faec95d374cfe"
        },
        {
          "type": "icon",
          "assetId": "iCYCG9CBDFuC",
          "checksum": "1e9e397527b13b50cc516c72a0fb1783"
        },
        {
          "type": "icon",
          "assetId": "7CtWcYdGlmmP",
          "checksum": "f9372b0bf9f0d9efbe4ea768a77a598e"
        },
        {
          "type": "icon",
          "assetId": "iRLbodS886l",
          "checksum": "63f2d5ab3e8da035533178624d533182"
        },
        {
          "type": "icon",
          "assetId": "QLAS9aiAy6p",
          "checksum": "f9798c9fb14d1e31fee586638d3adedb"
        },
        {
          "type": "icon",
          "assetId": "VTAAmSXa7QY",
          "checksum": "1d57b1b0fa33f8c92e07f1ee6e85bb37"
        },
        {
          "type": "icon",
          "assetId": "4E1S_Vn3o6p",
          "checksum": "7aa4240fb7b1970020b6145311822d87"
        },
        {
          "type": "image",
          "assetId": "5bdsJYoiCsPU",
          "checksum": "81ee0dc23725429914fe8e5b60bbed62"
        },
        {
          "type": "image",
          "assetId": "fX8o54trY5Fa",
          "checksum": "4a4f231f4d33ee7ca35c72b0cd93fd82"
        },
        {
          "type": "image",
          "assetId": "klfawiAQ0Jhx",
          "checksum": "136d339323cd2843f79264f34a153aa2"
        },
        {
          "type": "image",
          "assetId": "6nM_5s_aEORU",
          "checksum": "2169f2b6a47d51b99cec69e330cf1f2a"
        },
        {
          "type": "image",
          "assetId": "aysSthUekNc0",
          "checksum": "01a4176ccb1d5536fb8319bbf60311ee"
        },
        {
          "type": "image",
          "assetId": "yiK4Y5nY_N6x",
          "checksum": "78c36a4dfa8556875f21e9286d1525de"
        },
        {
          "type": "image",
          "assetId": "6hYO4MrNpo2T",
          "checksum": "3bfe023d14c48d8280b803e31d23d153"
        },
        {
          "type": "image",
          "assetId": "f-Dp93TmtbRf",
          "checksum": "db60389440aed02a17060843d3d2797e"
        },
        {
          "type": "image",
          "assetId": "EZ8wjuk47X7Y",
          "checksum": "ef5e3fc275a6f6928a897844fb31cc1b"
        },
        {
          "type": "image",
          "assetId": "ZlNebk8-8NcU",
          "checksum": "7e8c6e40271a6afe8987398cebbb0a0f"
        },
        {
          "type": "image",
          "assetId": "PwJkJliPO_sR",
          "checksum": "afcff73321dd1ced84e6838d02cbfa17"
        },
        {
          "type": "image",
          "assetId": "2xUWBseIwscR",
          "checksum": "2a5f79f48653bf28c1585658a9571975"
        },
        {
          "type": "image",
          "assetId": "npa3FzzmFLtx",
          "checksum": "efb7e28eb2efa4c545032649859639f3"
        },
        {
          "type": "image",
          "assetId": "0-rw6YCEX2wo",
          "checksum": "1761d0da6d5fe4d8245a2d4fb5d20c5d"
        },
        {
          "type": "image",
          "assetId": "HKF19pNZ9YEL",
          "checksum": "69bd3953a047f3b5620b1842b21f7689"
        },
        {
          "type": "image",
          "assetId": "htIPY_giKDBM",
          "checksum": "87f50f0ea2b2df7697d7f8e657afe0ac"
        },
        {
          "type": "image",
          "assetId": "3zKuNl0y8iXf",
          "checksum": "f2f064477e15fe68e0236ff4a6ea492c"
        },
        {
          "type": "image",
          "assetId": "vtUKq7Kam4xv",
          "checksum": "6b8229ffbab948eca4cfadb4217c895a"
        },
        {
          "type": "image",
          "assetId": "M6PUg63Tf2t6",
          "checksum": "056b449b59a2246f1801e311db36f499"
        },
        {
          "type": "image",
          "assetId": "6UOHe6BKYQwO",
          "checksum": "ea04d54b0feefce9f899a5436d5cbb25"
        },
        {
          "type": "image",
          "assetId": "M_nAWsFrES3v",
          "checksum": "0ef177feec969a6f3c0042de91c4ad60"
        },
        {
          "type": "image",
          "assetId": "RECbffyZiwEz",
          "checksum": "d3157f235461da71e38760f6166caf31"
        },
        {
          "type": "image",
          "assetId": "5hdnn2U191Y0",
          "checksum": "bed995434aa35b1cd663197d414a854a"
        },
        {
          "type": "image",
          "assetId": "gP9Nx12tvjUn",
          "checksum": "a2c877e1b0d4fc750263dbb74a377833"
        },
        {
          "type": "image",
          "assetId": "w-XLnmfhp57o",
          "checksum": "6e19a8c82ceab8526bceb2698bbe190a"
        },
        {
          "type": "image",
          "assetId": "GeYTortzYgur",
          "checksum": "a73203863f5595eb4495824cc122f5f4"
        },
        {
          "type": "image",
          "assetId": "HwLp7-oqobCz",
          "checksum": "121152687b5e111d14c0789c63d95698"
        },
        {
          "type": "image",
          "assetId": "pJlimyVIl5qI",
          "checksum": "719b128ab6227aed20b6475f07f561af"
        },
        {
          "type": "image",
          "assetId": "C-d6l4CyotTF",
          "checksum": "23839dde5d853434930c48f0187fccd9"
        },
        {
          "type": "image",
          "assetId": "GbTtKnkrE-7x",
          "checksum": "bc68f2cc188ed910409edc9271d0483f"
        },
        {
          "type": "image",
          "assetId": "nzetleYbD4mR",
          "checksum": "268e757a2b81f313caa59655adc89981"
        },
        {
          "type": "image",
          "assetId": "_SXiDMMrY2nv",
          "checksum": "6756109a59b950f875719dc610a45711"
        },
        {
          "type": "image",
          "assetId": "xuwMgUIwysP",
          "checksum": "2956ddc4c9fdc951f3c9c92d64653191"
        },
        {
          "type": "image",
          "assetId": "qUB7J3BWU",
          "checksum": "f52771bc1c2ae6147d0228d396b7cb7c"
        },
        {
          "type": "renderModule",
          "assetId": "GemSAzldPG",
          "checksum": "c767e679ac88489df627ac4b7a30f85c"
        },
        {
          "type": "cssRules",
          "assetId": "GemSAzldPG",
          "checksum": "c767e679ac88489df627ac4b7a30f85c"
        },
        {
          "assetId": "dPRrTyFHK7W9ZJqYsJHqzM",
          "type": "projectCss",
          "checksum": "d5729c8305e112d69b0615f1904cfca3"
        },
        {
          "assetId": "dPRrTyFHK7W9ZJqYsJHqzM",
          "checksum": "94d2c66833b2ee9ae1d305e3aaa6ab0d",
          "type": "projectModule"
        },
        {
          "assetId": "dPRrTyFHK7W9ZJqYsJHqzM",
          "checksum": "2548a4e442a5ec84c8848b0cf923654d",
          "type": "styleTokensProvider"
        }
      ],
      "codegenVersion": "0.0.2"
    }
  ],
  "cliVersion": "0.1.211"
}
